
Microsoft Visual Studio Solution File, Format Version 12.00
# Visual Studio 2013
VisualStudioVersion = 12.0.30501.0
MinimumVisualStudioVersion = 10.0.40219.1
Project("{FAE04EC0-301F-11D3-BF4B-00C04F79EFBC}") = "MicroProject", "MicroProject\MicroProject.csproj", "{860D1AE9-2190-47A4-8FF3-107B5C711212}"
EndProject
Global
	GlobalSection(SolutionConfigurationPlatforms) = preSolution
		Debug|Any CPU = Debug|Any CPU
		Release|Any CPU = Release|Any CPU
	EndGlobalSection
	GlobalSection(ProjectConfigurationPlatforms) = postSolution
		{860D1AE9-2190-47A4-8FF3-107B5C711212}.Debug|Any CPU.ActiveCfg = Debug|Any CPU
		{860D1AE9-2190-47A4-8FF3-107B5C711212}.Debug|Any CPU.Build.0 = Debug|Any CPU
		{860D1AE9-2190-47A4-8FF3-107B5C711212}.Release|Any CPU.ActiveCfg = Release|Any CPU
		{860D1AE9-2190-47A4-8FF3-107B5C711212}.Release|Any CPU.Build.0 = Release|Any CPU
	EndGlobalSection
	GlobalSection(SolutionProperties) = preSolution
		HideSolutionNode = FALSE
	EndGlobalSection
EndGlobal
